
Microsoft Visual Studio Solution File, Format Version 11.00
# Visual Studio 2010
Project("{2150E333-8FDC-42A3-9474-1A3956D46DE8}") = "Samples", "Samples", "{64D59276-5D61-4756-B90A-C5A5481061BF}"
	ProjectSection(SolutionItems) = preProject
		..\Samples\Building.txt = ..\Samples\Building.txt
	EndProjectSection
EndProject
Project("{2150E333-8FDC-42A3-9474-1A3956D46DE8}") = "Neuro", "Neuro", "{BE29F5CB-80FB-4CF1-9135-800534B264D3}"
EndProject
Project("{2150E333-8FDC-42A3-9474-1A3956D46DE8}") = "Levenberg", "Levenberg", "{84B1B638-CAFD-46B9-A78D-3507781EA105}"
EndProject
Project("{2150E333-8FDC-42A3-9474-1A3956D46DE8}") = "Statistics", "Statistics", "{473A7C08-02A2-473A-BEC6-891F035674FD}"
EndProject
Project("{2150E333-8FDC-42A3-9474-1A3956D46DE8}") = "Audio", "Audio", "{8F933DFE-A911-4BCD-A4B9-BC7D2F431709}"
EndProject
Project("{2150E333-8FDC-42A3-9474-1A3956D46DE8}") = "Unit Tests", "Unit Tests", "{D059B679-8B38-44FE-BEC6-8DFF9271CE59}"
EndProject
Project("{2150E333-8FDC-42A3-9474-1A3956D46DE8}") = "MachineLearning", "MachineLearning", "{A0409E80-C6CE-4DEA-9825-92A2A6BDDC45}"
EndProject
Project("{2150E333-8FDC-42A3-9474-1A3956D46DE8}") = "Solution Items", "Solution Items", "{51B993EE-FE3F-44B0-8FA1-C0EEBF2670C8}"
	ProjectSection(SolutionItems) = preProject
		Accord.NET.ruleset = Accord.NET.ruleset
		Accord.NET.testrunconfig = Accord.NET.testrunconfig
		Accord.NET.vsmdi = Accord.NET.vsmdi
		Building.txt = Building.txt
		..\Copyright.txt = ..\Copyright.txt
		..\License.txt = ..\License.txt
		..\Release notes.txt = ..\Release notes.txt
	EndProjectSection
EndProject
Project("{2150E333-8FDC-42A3-9474-1A3956D46DE8}") = "Imaging", "Imaging", "{B0536923-080A-43F7-8C8A-C7D579AB0DB5}"
EndProject
Project("{2150E333-8FDC-42A3-9474-1A3956D46DE8}") = "Math", "Math", "{831639B8-4A6B-4462-998D-A8375EA0837C}"
EndProject
Project("{2150E333-8FDC-42A3-9474-1A3956D46DE8}") = "Vision", "Vision", "{F697B4C2-4712-4596-814B-245E2500AE51}"
EndProject
Project("{FAE04EC0-301F-11D3-BF4B-00C04F79EFBC}") = "Accord.Controls.Audio", "Accord.Controls.Audio\Accord.Controls.Audio.csproj", "{E0B826AC-2A51-41EC-9F09-561CA14A82BB}"
EndProject
Project("{FAE04EC0-301F-11D3-BF4B-00C04F79EFBC}") = "Accord.DirectSound", "Accord.DirectSound\Accord.DirectSound.csproj", "{456DB2E8-745A-4F87-A2BD-C43CF8677770}"
EndProject
Project("{FAE04EC0-301F-11D3-BF4B-00C04F79EFBC}") = "Accord.Audio.Formats", "Accord.Audio.Formats\Accord.Audio.Formats.csproj", "{EC70C2A7-2B49-40D3-AE82-4C2F6E1724AF}"
EndProject
Project("{FAE04EC0-301F-11D3-BF4B-00C04F79EFBC}") = "Accord.Audio", "Accord.Audio\Accord.Audio.csproj", "{E7B65F08-82F1-438F-847A-2AAC2BEC9AC0}"
EndProject
Project("{FAE04EC0-301F-11D3-BF4B-00C04F79EFBC}") = "Accord.Audition", "Accord.Audition\Accord.Audition.csproj", "{CDBEFB1A-10BC-49EC-9833-D2CF6D4F6131}"
EndProject
Project("{FAE04EC0-301F-11D3-BF4B-00C04F79EFBC}") = "Accord.Math", "Accord.Math\Accord.Math.csproj", "{F718E9A8-DB62-4785-8C49-4333A60D256A}"
EndProject
Project("{FAE04EC0-301F-11D3-BF4B-00C04F79EFBC}") = "Accord.Statistics", "Accord.Statistics\Accord.Statistics.csproj", "{FD8101DD-C95D-42D6-AD44-AE01C25F2811}"
EndProject
Project("{FAE04EC0-301F-11D3-BF4B-00C04F79EFBC}") = "BeatDetector", "..\Samples\Audio\TempoDetector\BeatDetector.csproj", "{01BA7F4B-6C29-48D1-ADB5-087B8DCF8AC3}"
EndProject
Project("{FAE04EC0-301F-11D3-BF4B-00C04F79EFBC}") = "PCA", "..\Samples\Statistics\PCA\PCA.csproj", "{BCFE9369-F0AF-4DD3-9133-0C60D21F94D6}"
EndProject
Project("{FAE04EC0-301F-11D3-BF4B-00C04F79EFBC}") = "Accord.Neuro", "Accord.Neuro\Accord.Neuro.csproj", "{179F3045-8757-4F4B-9508-F48327BA11E3}"
EndProject
Project("{FAE04EC0-301F-11D3-BF4B-00C04F79EFBC}") = "Approximation", "..\Samples\Neuro\Levenberg\Approximation\Approximation.csproj", "{1A7BCB9F-5DD2-4C16-9969-88C31720865F}"
EndProject
Project("{FAE04EC0-301F-11D3-BF4B-00C04F79EFBC}") = "TimeSeries", "..\Samples\Neuro\Levenberg\TimeSeries\TimeSeries.csproj", "{2DEF9F9D-DED2-4572-881D-6E018AEE957F}"
EndProject
Project("{FAE04EC0-301F-11D3-BF4B-00C04F79EFBC}") = "XORProblem", "..\Samples\Neuro\Levenberg\XORProblem\XORProblem.csproj", "{527BB23D-A674-4147-B58D-DCC894737140}"
EndProject
Project("{FAE04EC0-301F-11D3-BF4B-00C04F79EFBC}") = "ROC", "..\Samples\Statistics\ROC\ROC.csproj", "{8E3093E1-9B62-4F62-A236-CD6EB40F9CC4}"
EndProject
Project("{FAE04EC0-301F-11D3-BF4B-00C04F79EFBC}") = "Regression", "..\Samples\Statistics\Regression\Regression.csproj", "{E6DD6D23-3FFC-4DF8-B2F8-CDA5BF77348D}"
EndProject
Project("{FAE04EC0-301F-11D3-BF4B-00C04F79EFBC}") = "KPCA", "..\Samples\Statistics\KPCA\KPCA.csproj", "{F9975B01-F137-4FB4-855A-D62782AD8E4E}"
EndProject
Project("{FAE04EC0-301F-11D3-BF4B-00C04F79EFBC}") = "Accord.Tests.Math", "Accord.Tests\Accord.Tests.Math\Accord.Tests.Math.csproj", "{F454DBD6-2AB9-461D-9624-2249B921B6E6}"
EndProject
Project("{FAE04EC0-301F-11D3-BF4B-00C04F79EFBC}") = "Accord.Tests.Statistics", "Accord.Tests\Accord.Tests.Statistics\Accord.Tests.Statistics.csproj", "{49679C95-28CE-4D35-8F38-3D67A511A3C1}"
EndProject
Project("{FAE04EC0-301F-11D3-BF4B-00C04F79EFBC}") = "LDA", "..\Samples\Statistics\LDA\LDA.csproj", "{3EC64359-C4AB-44C2-BCC0-8617380DB67A}"
EndProject
Project("{FAE04EC0-301F-11D3-BF4B-00C04F79EFBC}") = "KDA", "..\Samples\Statistics\KDA\KDA.csproj", "{A5152775-5252-45B2-B091-69C70280C73C}"
EndProject
Project("{FAE04EC0-301F-11D3-BF4B-00C04F79EFBC}") = "Accord.Controls", "Accord.Controls.Statistics\Accord.Controls.csproj", "{0AB27A20-925C-4556-9FA4-6E2C109E448E}"
EndProject
Project("{FAE04EC0-301F-11D3-BF4B-00C04F79EFBC}") = "HMM", "..\Samples\Statistics\HMM\HMM.csproj", "{E6CEA943-9111-4CCD-97BD-A63F7DDABBAE}"
EndProject
Project("{FAE04EC0-301F-11D3-BF4B-00C04F79EFBC}") = "Filters", "..\Samples\Statistics\Filters\Filters.csproj", "{6449C3DE-E27F-45A6-AAED-BF7E3028CD0B}"
EndProject
Project("{FAE04EC0-301F-11D3-BF4B-00C04F79EFBC}") = "Accord.Imaging", "Accord.Imaging\Accord.Imaging.csproj", "{4959A83D-F78F-439E-80A5-41583ECEAAC6}"
EndProject
Project("{FAE04EC0-301F-11D3-BF4B-00C04F79EFBC}") = "Accord.MachineLearning", "Accord.MachineLearning\Accord.MachineLearning.csproj", "{7AB4BBCC-6222-423D-9FF9-BA9CB7C09199}"
EndProject
Project("{FAE04EC0-301F-11D3-BF4B-00C04F79EFBC}") = "Accord.Tests.MachineLearning", "Accord.Tests\Accord.Tests.MachineLearning\Accord.Tests.MachineLearning.csproj", "{987E989A-E48B-428F-A392-0E7EEC9BCECD}"
EndProject
Project("{FAE04EC0-301F-11D3-BF4B-00C04F79EFBC}") = "SVMs", "..\Samples\MachineLearning\SupportVectorMachine\SVMs.csproj", "{503EF9C0-CE83-40BE-98B2-3481D9FE3B0D}"
EndProject
Project("{FAE04EC0-301F-11D3-BF4B-00C04F79EFBC}") = "PLS", "..\Samples\Statistics\PLS\PLS.csproj", "{3929B83A-B1A6-4620-9139-B5DEEEF3DCE4}"
EndProject
Project("{FAE04EC0-301F-11D3-BF4B-00C04F79EFBC}") = "Accord.Tests.Neuro", "Accord.Tests\Accord.Tests.Neuro\Accord.Tests.Neuro.csproj", "{AB8B83D8-F7B4-4C21-AEB4-B0C5D2217DEF}"
EndProject
Project("{FAE04EC0-301F-11D3-BF4B-00C04F79EFBC}") = "Handwriting (KDA)", "..\Samples\Statistics\Handwriting\Handwriting (KDA).csproj", "{ECD64A23-8504-4A68-829D-FB1B6C726C85}"
EndProject
Project("{FAE04EC0-301F-11D3-BF4B-00C04F79EFBC}") = "Harris", "..\Samples\Imaging\Harris\Harris.csproj", "{316F5B16-E308-4ABE-B95D-EF64FFAEF028}"
EndProject
Project("{FAE04EC0-301F-11D3-BF4B-00C04F79EFBC}") = "Ransac", "..\Samples\MachineLearning\Ransac\Ransac.csproj", "{2DE60006-663C-40DB-B7CD-A38644D7BC94}"
EndProject
Project("{FAE04EC0-301F-11D3-BF4B-00C04F79EFBC}") = "Panorama", "..\Samples\Imaging\Panorama\Panorama.csproj", "{AEA25552-0508-4D42-AFBA-95DBB0BFBA67}"
EndProject
Project("{FAE04EC0-301F-11D3-BF4B-00C04F79EFBC}") = "Accord.Tests.Imaging", "Accord.Tests\Accord.Tests.Imaging\Accord.Tests.Imaging.csproj", "{16A563A2-2D02-4B9E-B3F8-F36DD72F4477}"
EndProject
Project("{FAE04EC0-301F-11D3-BF4B-00C04F79EFBC}") = "Accord.Controls.Imaging", "Accord.Controls.Imaging\Accord.Controls.Imaging.csproj", "{E1089999-EAED-4E55-AC47-B6A196DF84FC}"
EndProject
Project("{FAE04EC0-301F-11D3-BF4B-00C04F79EFBC}") = "Fourier", "..\Samples\Audio\Fourier\Fourier.csproj", "{18DDB224-5488-4833-A4F0-AA98F37F9864}"
EndProject
Project("{FAE04EC0-301F-11D3-BF4B-00C04F79EFBC}") = "Wavelets", "..\Samples\Imaging\Wavelets\Wavelets.csproj", "{4D100C6D-963E-4AE7-AEAF-91040D4F0332}"
EndProject
Project("{FAE04EC0-301F-11D3-BF4B-00C04F79EFBC}") = "Accord.Vision", "Accord.Vision\Accord.Vision.csproj", "{C70A159D-74A4-405F-9A7F-C17ACF451CCA}"
EndProject
Project("{FAE04EC0-301F-11D3-BF4B-00C04F79EFBC}") = "FaceDetection", "..\Samples\Vision\FaceDetection\FaceDetection.csproj", "{EF3F6EA1-38F2-4C3C-8079-C06B8B5DDCC0}"
EndProject
Project("{FAE04EC0-301F-11D3-BF4B-00C04F79EFBC}") = "Accord.Tests.Vision", "Accord.Tests\Accord.Tests.Vision\Accord.Tests.Vision.csproj", "{8046613E-799A-460C-985A-444C0327B49C}"
EndProject
Project("{FAE04EC0-301F-11D3-BF4B-00C04F79EFBC}") = "FaceTracking", "..\Samples\Vision\FaceTracking\FaceTracking.csproj", "{03CCCD6C-CA56-4CAE-A0A5-1C9660D9424B}"
EndProject
Project("{FAE04EC0-301F-11D3-BF4B-00C04F79EFBC}") = "Handwriting (SVM)", "..\Samples\MachineLearning\Handwriting\Handwriting (SVM).csproj", "{C13A769D-B0EF-42F8-83CA-4431252DD316}"
EndProject
Project("{FAE04EC0-301F-11D3-BF4B-00C04F79EFBC}") = "Operations", "..\Samples\Math\MatrixOperations\Operations.csproj", "{DB8C60E0-D225-4DBB-917A-12EA86506A13}"
EndProject
Project("{FAE04EC0-301F-11D3-BF4B-00C04F79EFBC}") = "Environments", "..\Samples\Math\Environments\Environments.csproj", "{E3808A36-FDAD-48D1-83AD-5D5FBF271BCF}"
EndProject
Project("{FAE04EC0-301F-11D3-BF4B-00C04F79EFBC}") = "Gaussian Mixtures", "..\Samples\MachineLearning\GMM\Gaussian Mixtures.csproj", "{6EE43C30-5232-4B18-802B-7D536EA4DCCE}"
EndProject
Project("{FAE04EC0-301F-11D3-BF4B-00C04F79EFBC}") = "KMeans", "..\Samples\MachineLearning\KMeans\KMeans.csproj", "{8433F722-C197-4BCD-9E5D-08A6B2FAF23A}"
EndProject
Project("{FAE04EC0-301F-11D3-BF4B-00C04F79EFBC}") = "Gestures", "..\Samples\Statistics\Gestures\Gestures.csproj", "{36BA745B-850A-4C3C-88F5-125B0171B187}"
EndProject
Project("{FAE04EC0-301F-11D3-BF4B-00C04F79EFBC}") = "Accord.Core", "Accord.Core\Accord.Core.csproj", "{A177A90C-8207-466A-AF70-F2B8452A42AC}"
EndProject
Project("{FAE04EC0-301F-11D3-BF4B-00C04F79EFBC}") = "Accord.Tests.Audio", "Accord.Tests\Accord.Tests.Audio\Accord.Tests.Audio.csproj", "{19385AE1-57CA-4082-AD33-62480D02C1D9}"
EndProject
Project("{FAE04EC0-301F-11D3-BF4B-00C04F79EFBC}") = "ICA", "..\Samples\Statistics\ICA\ICA.csproj", "{A37A4E8F-3F41-497A-B5C0-E92ABFF9067F}"
EndProject
Project("{FAE04EC0-301F-11D3-BF4B-00C04F79EFBC}") = "SURF", "..\Samples\Imaging\SURF\SURF.csproj", "{936F3B12-2B1A-468E-9830-51EC9EFB127E}"
EndProject
Project("{FAE04EC0-301F-11D3-BF4B-00C04F79EFBC}") = "FAST", "..\Samples\Imaging\FAST\FAST.csproj", "{F7750412-9EA2-4FCF-A268-AC927188A009}"
EndProject
Project("{FAE04EC0-301F-11D3-BF4B-00C04F79EFBC}") = "GloveTracking", "..\Samples\Vision\GloveTracking\GloveTracking.csproj", "{09D9131B-3277-476F-8500-311E69B58AFB}"
EndProject
Project("{FAE04EC0-301F-11D3-BF4B-00C04F79EFBC}") = "Accord.Controls.Vision", "Accord.Controls.Vision\Accord.Controls.Vision.csproj", "{6158E759-FE2B-4308-BA29-11C9E4A07812}"
EndProject
Project("{FAE04EC0-301F-11D3-BF4B-00C04F79EFBC}") = "Controller", "..\Samples\Vision\Controller\Controller.csproj", "{95BDACEA-E8DB-4A87-9472-A37F0879179F}"
EndProject
Project("{2150E333-8FDC-42A3-9474-1A3956D46DE8}") = "Docs", "Docs", "{3364C282-6629-4FC0-B7D3-E488576D7115}"
EndProject
Project("{7CF6DF6D-3B04-46F8-A40B-537D21BCA0B4}") = "Accord.Documentation", "Accord.Docs\Accord.Documentation\Accord.Documentation.shfbproj", "{048ACC63-3B91-4E14-B5A3-38E7898426FE}"
EndProject
Project("{FAE04EC0-301F-11D3-BF4B-00C04F79EFBC}") = "Kinect", "..\Samples\Vision\Kinect\Kinect.csproj", "{99C1ED90-C4CD-4730-B05C-B99EED60EDD1}"
EndProject
Project("{FAE04EC0-301F-11D3-BF4B-00C04F79EFBC}") = "Decision Trees", "..\Samples\MachineLearning\DecisionTrees\Decision Trees.csproj", "{67D5F5DD-95D8-4DF3-B4F4-B43A2FCFE02F}"
EndProject
Project("{FAE04EC0-301F-11D3-BF4B-00C04F79EFBC}") = "Bayes", "..\Samples\MachineLearning\Bayes\Bayes.csproj", "{79DAA213-B774-444D-85B1-7AA727C036E7}"
EndProject
Project("{FAE04EC0-301F-11D3-BF4B-00C04F79EFBC}") = "Classification", "..\Samples\Neuro\Levenberg\Classification\Classification.csproj", "{6EC8C18C-65ED-4C93-A8E2-7FB5324EF3C5}"
EndProject
Project("{FAE04EC0-301F-11D3-BF4B-00C04F79EFBC}") = "Accord.MachineLearning (GPL)", "Accord.MachineLearning.GPL\Accord.MachineLearning (GPL).csproj", "{6DD1A48C-D7A8-4B39-9C06-5A71FEEC70B9}"
EndProject
Project("{2150E333-8FDC-42A3-9474-1A3956D46DE8}") = "Resilient", "Resilient", "{90A5A53F-C5C2-4370-B751-9569FF50DF19}"
EndProject
Project("{FAE04EC0-301F-11D3-BF4B-00C04F79EFBC}") = "Approximation", "..\Samples\Neuro\Resilient\Approximation\Approximation.csproj", "{41B33248-828B-4D62-83A0-2FFFE89582B0}"
EndProject
Project("{FAE04EC0-301F-11D3-BF4B-00C04F79EFBC}") = "TimeSeries", "..\Samples\Neuro\Resilient\TimeSeries\TimeSeries.csproj", "{37D91547-640C-4822-893A-0E700964302E}"
EndProject
Project("{FAE04EC0-301F-11D3-BF4B-00C04F79EFBC}") = "XORProblem", "..\Samples\Neuro\Resilient\XORProblem\XORProblem.csproj", "{47627FA3-2AAF-46E5-B39E-A9A860B0D3DE}"
EndProject
Project("{FAE04EC0-301F-11D3-BF4B-00C04F79EFBC}") = "Recording", "..\Samples\Audio\Recording\Recording.csproj", "{A3C56C4A-57FC-48A4-A45A-DA12304D06A9}"
EndProject
Project("{FAE04EC0-301F-11D3-BF4B-00C04F79EFBC}") = "Calibration", "..\Samples\Vision\Calibration\Calibration.csproj", "{B04766F2-8382-459E-AC60-FB44B027221B}"
EndProject
Project("{FAE04EC0-301F-11D3-BF4B-00C04F79EFBC}") = "Solver", "..\Samples\Math\Solver\Solver.csproj", "{38C27270-D29A-48B0-BF49-B90C049C42E1}"
EndProject
Project("{2150E333-8FDC-42A3-9474-1A3956D46DE8}") = "Setup", "Setup", "{98CCD2AC-1853-4413-A2C7-B7283715B0FE}"
EndProject
Project("{FAE04EC0-301F-11D3-BF4B-00C04F79EFBC}") = "Accord.Setup", "..\Setup\Accord.Setup.csproj", "{F00F5E2D-D181-4FCC-8F2E-FDCB90F4721B}"
EndProject
Global
	GlobalSection(TestCaseManagementSettings) = postSolution
		CategoryFile = Accord.NET.vsmdi
	EndGlobalSection
	GlobalSection(SolutionConfigurationPlatforms) = preSolution
		Debug|Any CPU = Debug|Any CPU
		Release|Any CPU = Release|Any CPU
	EndGlobalSection
	GlobalSection(ProjectConfigurationPlatforms) = postSolution
		{E0B826AC-2A51-41EC-9F09-561CA14A82BB}.Debug|Any CPU.ActiveCfg = Debug|Any CPU
		{E0B826AC-2A51-41EC-9F09-561CA14A82BB}.Debug|Any CPU.Build.0 = Debug|Any CPU
		{E0B826AC-2A51-41EC-9F09-561CA14A82BB}.Release|Any CPU.ActiveCfg = Release|Any CPU
		{E0B826AC-2A51-41EC-9F09-561CA14A82BB}.Release|Any CPU.Build.0 = Release|Any CPU
		{456DB2E8-745A-4F87-A2BD-C43CF8677770}.Debug|Any CPU.ActiveCfg = Debug|Any CPU
		{456DB2E8-745A-4F87-A2BD-C43CF8677770}.Debug|Any CPU.Build.0 = Debug|Any CPU
		{456DB2E8-745A-4F87-A2BD-C43CF8677770}.Release|Any CPU.ActiveCfg = Release|Any CPU
		{456DB2E8-745A-4F87-A2BD-C43CF8677770}.Release|Any CPU.Build.0 = Release|Any CPU
		{EC70C2A7-2B49-40D3-AE82-4C2F6E1724AF}.Debug|Any CPU.ActiveCfg = Debug|Any CPU
		{EC70C2A7-2B49-40D3-AE82-4C2F6E1724AF}.Debug|Any CPU.Build.0 = Debug|Any CPU
		{EC70C2A7-2B49-40D3-AE82-4C2F6E1724AF}.Release|Any CPU.ActiveCfg = Release|Any CPU
		{EC70C2A7-2B49-40D3-AE82-4C2F6E1724AF}.Release|Any CPU.Build.0 = Release|Any CPU
		{E7B65F08-82F1-438F-847A-2AAC2BEC9AC0}.Debug|Any CPU.ActiveCfg = Debug|Any CPU
		{E7B65F08-82F1-438F-847A-2AAC2BEC9AC0}.Debug|Any CPU.Build.0 = Debug|Any CPU
		{E7B65F08-82F1-438F-847A-2AAC2BEC9AC0}.Release|Any CPU.ActiveCfg = Release|Any CPU
		{E7B65F08-82F1-438F-847A-2AAC2BEC9AC0}.Release|Any CPU.Build.0 = Release|Any CPU
		{CDBEFB1A-10BC-49EC-9833-D2CF6D4F6131}.Debug|Any CPU.ActiveCfg = Debug|Any CPU
		{CDBEFB1A-10BC-49EC-9833-D2CF6D4F6131}.Debug|Any CPU.Build.0 = Debug|Any CPU
		{CDBEFB1A-10BC-49EC-9833-D2CF6D4F6131}.Release|Any CPU.ActiveCfg = Release|Any CPU
		{CDBEFB1A-10BC-49EC-9833-D2CF6D4F6131}.Release|Any CPU.Build.0 = Release|Any CPU
		{F718E9A8-DB62-4785-8C49-4333A60D256A}.Debug|Any CPU.ActiveCfg = Debug|Any CPU
		{F718E9A8-DB62-4785-8C49-4333A60D256A}.Debug|Any CPU.Build.0 = Debug|Any CPU
		{F718E9A8-DB62-4785-8C49-4333A60D256A}.Release|Any CPU.ActiveCfg = Release|Any CPU
		{F718E9A8-DB62-4785-8C49-4333A60D256A}.Release|Any CPU.Build.0 = Release|Any CPU
		{FD8101DD-C95D-42D6-AD44-AE01C25F2811}.Debug|Any CPU.ActiveCfg = Debug|Any CPU
		{FD8101DD-C95D-42D6-AD44-AE01C25F2811}.Debug|Any CPU.Build.0 = Debug|Any CPU
		{FD8101DD-C95D-42D6-AD44-AE01C25F2811}.Release|Any CPU.ActiveCfg = Release|Any CPU
		{FD8101DD-C95D-42D6-AD44-AE01C25F2811}.Release|Any CPU.Build.0 = Release|Any CPU
		{01BA7F4B-6C29-48D1-ADB5-087B8DCF8AC3}.Debug|Any CPU.ActiveCfg = Debug|x86
		{01BA7F4B-6C29-48D1-ADB5-087B8DCF8AC3}.Debug|Any CPU.Build.0 = Debug|x86
		{01BA7F4B-6C29-48D1-ADB5-087B8DCF8AC3}.Release|Any CPU.ActiveCfg = Release|x86
		{01BA7F4B-6C29-48D1-ADB5-087B8DCF8AC3}.Release|Any CPU.Build.0 = Release|x86
		{BCFE9369-F0AF-4DD3-9133-0C60D21F94D6}.Debug|Any CPU.ActiveCfg = Debug|x86
		{BCFE9369-F0AF-4DD3-9133-0C60D21F94D6}.Debug|Any CPU.Build.0 = Debug|x86
		{BCFE9369-F0AF-4DD3-9133-0C60D21F94D6}.Release|Any CPU.ActiveCfg = Release|x86
		{BCFE9369-F0AF-4DD3-9133-0C60D21F94D6}.Release|Any CPU.Build.0 = Release|x86
		{179F3045-8757-4F4B-9508-F48327BA11E3}.Debug|Any CPU.ActiveCfg = Debug|Any CPU
		{179F3045-8757-4F4B-9508-F48327BA11E3}.Debug|Any CPU.Build.0 = Debug|Any CPU
		{179F3045-8757-4F4B-9508-F48327BA11E3}.Release|Any CPU.ActiveCfg = Release|Any CPU
		{179F3045-8757-4F4B-9508-F48327BA11E3}.Release|Any CPU.Build.0 = Release|Any CPU
		{1A7BCB9F-5DD2-4C16-9969-88C31720865F}.Debug|Any CPU.ActiveCfg = Debug|x86
		{1A7BCB9F-5DD2-4C16-9969-88C31720865F}.Debug|Any CPU.Build.0 = Debug|x86
		{1A7BCB9F-5DD2-4C16-9969-88C31720865F}.Release|Any CPU.ActiveCfg = Release|x86
		{1A7BCB9F-5DD2-4C16-9969-88C31720865F}.Release|Any CPU.Build.0 = Release|x86
		{2DEF9F9D-DED2-4572-881D-6E018AEE957F}.Debug|Any CPU.ActiveCfg = Debug|x86
		{2DEF9F9D-DED2-4572-881D-6E018AEE957F}.Debug|Any CPU.Build.0 = Debug|x86
		{2DEF9F9D-DED2-4572-881D-6E018AEE957F}.Release|Any CPU.ActiveCfg = Release|x86
		{2DEF9F9D-DED2-4572-881D-6E018AEE957F}.Release|Any CPU.Build.0 = Release|x86
		{527BB23D-A674-4147-B58D-DCC894737140}.Debug|Any CPU.ActiveCfg = Debug|x86
		{527BB23D-A674-4147-B58D-DCC894737140}.Debug|Any CPU.Build.0 = Debug|x86
		{527BB23D-A674-4147-B58D-DCC894737140}.Release|Any CPU.ActiveCfg = Release|x86
		{527BB23D-A674-4147-B58D-DCC894737140}.Release|Any CPU.Build.0 = Release|x86
		{8E3093E1-9B62-4F62-A236-CD6EB40F9CC4}.Debug|Any CPU.ActiveCfg = Debug|x86
		{8E3093E1-9B62-4F62-A236-CD6EB40F9CC4}.Debug|Any CPU.Build.0 = Debug|x86
		{8E3093E1-9B62-4F62-A236-CD6EB40F9CC4}.Release|Any CPU.ActiveCfg = Release|x86
		{8E3093E1-9B62-4F62-A236-CD6EB40F9CC4}.Release|Any CPU.Build.0 = Release|x86
		{E6DD6D23-3FFC-4DF8-B2F8-CDA5BF77348D}.Debug|Any CPU.ActiveCfg = Debug|x86
		{E6DD6D23-3FFC-4DF8-B2F8-CDA5BF77348D}.Debug|Any CPU.Build.0 = Debug|x86
		{E6DD6D23-3FFC-4DF8-B2F8-CDA5BF77348D}.Release|Any CPU.ActiveCfg = Release|x86
		{E6DD6D23-3FFC-4DF8-B2F8-CDA5BF77348D}.Release|Any CPU.Build.0 = Release|x86
		{F9975B01-F137-4FB4-855A-D62782AD8E4E}.Debug|Any CPU.ActiveCfg = Debug|x86
		{F9975B01-F137-4FB4-855A-D62782AD8E4E}.Debug|Any CPU.Build.0 = Debug|x86
		{F9975B01-F137-4FB4-855A-D62782AD8E4E}.Release|Any CPU.ActiveCfg = Release|x86
		{F9975B01-F137-4FB4-855A-D62782AD8E4E}.Release|Any CPU.Build.0 = Release|x86
		{F454DBD6-2AB9-461D-9624-2249B921B6E6}.Debug|Any CPU.ActiveCfg = Debug|x86
		{F454DBD6-2AB9-461D-9624-2249B921B6E6}.Debug|Any CPU.Build.0 = Debug|x86
		{F454DBD6-2AB9-461D-9624-2249B921B6E6}.Release|Any CPU.ActiveCfg = Release|Any CPU
		{F454DBD6-2AB9-461D-9624-2249B921B6E6}.Release|Any CPU.Build.0 = Release|Any CPU
		{49679C95-28CE-4D35-8F38-3D67A511A3C1}.Debug|Any CPU.ActiveCfg = Debug|x86
		{49679C95-28CE-4D35-8F38-3D67A511A3C1}.Debug|Any CPU.Build.0 = Debug|x86
		{49679C95-28CE-4D35-8F38-3D67A511A3C1}.Release|Any CPU.ActiveCfg = Release|Any CPU
		{49679C95-28CE-4D35-8F38-3D67A511A3C1}.Release|Any CPU.Build.0 = Release|Any CPU
		{3EC64359-C4AB-44C2-BCC0-8617380DB67A}.Debug|Any CPU.ActiveCfg = Debug|x86
		{3EC64359-C4AB-44C2-BCC0-8617380DB67A}.Debug|Any CPU.Build.0 = Debug|x86
		{3EC64359-C4AB-44C2-BCC0-8617380DB67A}.Release|Any CPU.ActiveCfg = Release|x86
		{3EC64359-C4AB-44C2-BCC0-8617380DB67A}.Release|Any CPU.Build.0 = Release|x86
		{A5152775-5252-45B2-B091-69C70280C73C}.Debug|Any CPU.ActiveCfg = Debug|x86
		{A5152775-5252-45B2-B091-69C70280C73C}.Debug|Any CPU.Build.0 = Debug|x86
		{A5152775-5252-45B2-B091-69C70280C73C}.Release|Any CPU.ActiveCfg = Release|x86
		{A5152775-5252-45B2-B091-69C70280C73C}.Release|Any CPU.Build.0 = Release|x86
		{0AB27A20-925C-4556-9FA4-6E2C109E448E}.Debug|Any CPU.ActiveCfg = Debug|Any CPU
		{0AB27A20-925C-4556-9FA4-6E2C109E448E}.Debug|Any CPU.Build.0 = Debug|Any CPU
		{0AB27A20-925C-4556-9FA4-6E2C109E448E}.Release|Any CPU.ActiveCfg = Release|Any CPU
		{0AB27A20-925C-4556-9FA4-6E2C109E448E}.Release|Any CPU.Build.0 = Release|Any CPU
		{E6CEA943-9111-4CCD-97BD-A63F7DDABBAE}.Debug|Any CPU.ActiveCfg = Debug|x86
		{E6CEA943-9111-4CCD-97BD-A63F7DDABBAE}.Debug|Any CPU.Build.0 = Debug|x86
		{E6CEA943-9111-4CCD-97BD-A63F7DDABBAE}.Release|Any CPU.ActiveCfg = Release|x86
		{E6CEA943-9111-4CCD-97BD-A63F7DDABBAE}.Release|Any CPU.Build.0 = Release|x86
		{6449C3DE-E27F-45A6-AAED-BF7E3028CD0B}.Debug|Any CPU.ActiveCfg = Debug|x86
		{6449C3DE-E27F-45A6-AAED-BF7E3028CD0B}.Debug|Any CPU.Build.0 = Debug|x86
		{6449C3DE-E27F-45A6-AAED-BF7E3028CD0B}.Release|Any CPU.ActiveCfg = Release|x86
		{6449C3DE-E27F-45A6-AAED-BF7E3028CD0B}.Release|Any CPU.Build.0 = Release|x86
		{4959A83D-F78F-439E-80A5-41583ECEAAC6}.Debug|Any CPU.ActiveCfg = Debug|Any CPU
		{4959A83D-F78F-439E-80A5-41583ECEAAC6}.Debug|Any CPU.Build.0 = Debug|Any CPU
		{4959A83D-F78F-439E-80A5-41583ECEAAC6}.Release|Any CPU.ActiveCfg = Release|Any CPU
		{4959A83D-F78F-439E-80A5-41583ECEAAC6}.Release|Any CPU.Build.0 = Release|Any CPU
		{7AB4BBCC-6222-423D-9FF9-BA9CB7C09199}.Debug|Any CPU.ActiveCfg = Debug|Any CPU
		{7AB4BBCC-6222-423D-9FF9-BA9CB7C09199}.Debug|Any CPU.Build.0 = Debug|Any CPU
		{7AB4BBCC-6222-423D-9FF9-BA9CB7C09199}.Release|Any CPU.ActiveCfg = Release|Any CPU
		{7AB4BBCC-6222-423D-9FF9-BA9CB7C09199}.Release|Any CPU.Build.0 = Release|Any CPU
		{987E989A-E48B-428F-A392-0E7EEC9BCECD}.Debug|Any CPU.ActiveCfg = Debug|x86
		{987E989A-E48B-428F-A392-0E7EEC9BCECD}.Debug|Any CPU.Build.0 = Debug|x86
		{987E989A-E48B-428F-A392-0E7EEC9BCECD}.Release|Any CPU.ActiveCfg = Release|Any CPU
		{987E989A-E48B-428F-A392-0E7EEC9BCECD}.Release|Any CPU.Build.0 = Release|Any CPU
		{503EF9C0-CE83-40BE-98B2-3481D9FE3B0D}.Debug|Any CPU.ActiveCfg = Debug|x86
		{503EF9C0-CE83-40BE-98B2-3481D9FE3B0D}.Debug|Any CPU.Build.0 = Debug|x86
		{503EF9C0-CE83-40BE-98B2-3481D9FE3B0D}.Release|Any CPU.ActiveCfg = Release|x86
		{503EF9C0-CE83-40BE-98B2-3481D9FE3B0D}.Release|Any CPU.Build.0 = Release|x86
		{3929B83A-B1A6-4620-9139-B5DEEEF3DCE4}.Debug|Any CPU.ActiveCfg = Debug|x86
		{3929B83A-B1A6-4620-9139-B5DEEEF3DCE4}.Debug|Any CPU.Build.0 = Debug|x86
		{3929B83A-B1A6-4620-9139-B5DEEEF3DCE4}.Release|Any CPU.ActiveCfg = Release|x86
		{3929B83A-B1A6-4620-9139-B5DEEEF3DCE4}.Release|Any CPU.Build.0 = Release|x86
		{AB8B83D8-F7B4-4C21-AEB4-B0C5D2217DEF}.Debug|Any CPU.ActiveCfg = Debug|x86
		{AB8B83D8-F7B4-4C21-AEB4-B0C5D2217DEF}.Debug|Any CPU.Build.0 = Debug|x86
		{AB8B83D8-F7B4-4C21-AEB4-B0C5D2217DEF}.Release|Any CPU.ActiveCfg = Release|Any CPU
		{AB8B83D8-F7B4-4C21-AEB4-B0C5D2217DEF}.Release|Any CPU.Build.0 = Release|Any CPU
		{ECD64A23-8504-4A68-829D-FB1B6C726C85}.Debug|Any CPU.ActiveCfg = Debug|x86
		{ECD64A23-8504-4A68-829D-FB1B6C726C85}.Debug|Any CPU.Build.0 = Debug|x86
		{ECD64A23-8504-4A68-829D-FB1B6C726C85}.Release|Any CPU.ActiveCfg = Release|x86
		{ECD64A23-8504-4A68-829D-FB1B6C726C85}.Release|Any CPU.Build.0 = Release|x86
		{316F5B16-E308-4ABE-B95D-EF64FFAEF028}.Debug|Any CPU.ActiveCfg = Debug|x86
		{316F5B16-E308-4ABE-B95D-EF64FFAEF028}.Debug|Any CPU.Build.0 = Debug|x86
		{316F5B16-E308-4ABE-B95D-EF64FFAEF028}.Release|Any CPU.ActiveCfg = Release|x86
		{316F5B16-E308-4ABE-B95D-EF64FFAEF028}.Release|Any CPU.Build.0 = Release|x86
		{2DE60006-663C-40DB-B7CD-A38644D7BC94}.Debug|Any CPU.ActiveCfg = Debug|x86
		{2DE60006-663C-40DB-B7CD-A38644D7BC94}.Debug|Any CPU.Build.0 = Debug|x86
		{2DE60006-663C-40DB-B7CD-A38644D7BC94}.Release|Any CPU.ActiveCfg = Release|x86
		{2DE60006-663C-40DB-B7CD-A38644D7BC94}.Release|Any CPU.Build.0 = Release|x86
		{AEA25552-0508-4D42-AFBA-95DBB0BFBA67}.Debug|Any CPU.ActiveCfg = Debug|x86
		{AEA25552-0508-4D42-AFBA-95DBB0BFBA67}.Debug|Any CPU.Build.0 = Debug|x86
		{AEA25552-0508-4D42-AFBA-95DBB0BFBA67}.Release|Any CPU.ActiveCfg = Release|x86
		{AEA25552-0508-4D42-AFBA-95DBB0BFBA67}.Release|Any CPU.Build.0 = Release|x86
		{16A563A2-2D02-4B9E-B3F8-F36DD72F4477}.Debug|Any CPU.ActiveCfg = Debug|x86
		{16A563A2-2D02-4B9E-B3F8-F36DD72F4477}.Debug|Any CPU.Build.0 = Debug|x86
		{16A563A2-2D02-4B9E-B3F8-F36DD72F4477}.Release|Any CPU.ActiveCfg = Release|Any CPU
		{16A563A2-2D02-4B9E-B3F8-F36DD72F4477}.Release|Any CPU.Build.0 = Release|Any CPU
		{E1089999-EAED-4E55-AC47-B6A196DF84FC}.Debug|Any CPU.ActiveCfg = Debug|Any CPU
		{E1089999-EAED-4E55-AC47-B6A196DF84FC}.Debug|Any CPU.Build.0 = Debug|Any CPU
		{E1089999-EAED-4E55-AC47-B6A196DF84FC}.Release|Any CPU.ActiveCfg = Release|Any CPU
		{E1089999-EAED-4E55-AC47-B6A196DF84FC}.Release|Any CPU.Build.0 = Release|Any CPU
		{18DDB224-5488-4833-A4F0-AA98F37F9864}.Debug|Any CPU.ActiveCfg = Debug|x86
		{18DDB224-5488-4833-A4F0-AA98F37F9864}.Debug|Any CPU.Build.0 = Debug|x86
		{18DDB224-5488-4833-A4F0-AA98F37F9864}.Release|Any CPU.ActiveCfg = Release|x86
		{18DDB224-5488-4833-A4F0-AA98F37F9864}.Release|Any CPU.Build.0 = Release|x86
		{4D100C6D-963E-4AE7-AEAF-91040D4F0332}.Debug|Any CPU.ActiveCfg = Debug|x86
		{4D100C6D-963E-4AE7-AEAF-91040D4F0332}.Debug|Any CPU.Build.0 = Debug|x86
		{4D100C6D-963E-4AE7-AEAF-91040D4F0332}.Release|Any CPU.ActiveCfg = Release|x86
		{4D100C6D-963E-4AE7-AEAF-91040D4F0332}.Release|Any CPU.Build.0 = Release|x86
		{C70A159D-74A4-405F-9A7F-C17ACF451CCA}.Debug|Any CPU.ActiveCfg = Debug|x86
		{C70A159D-74A4-405F-9A7F-C17ACF451CCA}.Debug|Any CPU.Build.0 = Debug|x86
		{C70A159D-74A4-405F-9A7F-C17ACF451CCA}.Release|Any CPU.ActiveCfg = Release|Any CPU
		{C70A159D-74A4-405F-9A7F-C17ACF451CCA}.Release|Any CPU.Build.0 = Release|Any CPU
		{EF3F6EA1-38F2-4C3C-8079-C06B8B5DDCC0}.Debug|Any CPU.ActiveCfg = Debug|x86
		{EF3F6EA1-38F2-4C3C-8079-C06B8B5DDCC0}.Debug|Any CPU.Build.0 = Debug|x86
		{EF3F6EA1-38F2-4C3C-8079-C06B8B5DDCC0}.Release|Any CPU.ActiveCfg = Release|x86
		{EF3F6EA1-38F2-4C3C-8079-C06B8B5DDCC0}.Release|Any CPU.Build.0 = Release|x86
		{8046613E-799A-460C-985A-444C0327B49C}.Debug|Any CPU.ActiveCfg = Debug|x86
		{8046613E-799A-460C-985A-444C0327B49C}.Debug|Any CPU.Build.0 = Debug|x86
		{8046613E-799A-460C-985A-444C0327B49C}.Release|Any CPU.ActiveCfg = Release|Any CPU
		{8046613E-799A-460C-985A-444C0327B49C}.Release|Any CPU.Build.0 = Release|Any CPU
		{03CCCD6C-CA56-4CAE-A0A5-1C9660D9424B}.Debug|Any CPU.ActiveCfg = Debug|x86
		{03CCCD6C-CA56-4CAE-A0A5-1C9660D9424B}.Debug|Any CPU.Build.0 = Debug|x86
		{03CCCD6C-CA56-4CAE-A0A5-1C9660D9424B}.Release|Any CPU.ActiveCfg = Release|x86
		{03CCCD6C-CA56-4CAE-A0A5-1C9660D9424B}.Release|Any CPU.Build.0 = Release|x86
		{C13A769D-B0EF-42F8-83CA-4431252DD316}.Debug|Any CPU.ActiveCfg = Debug|x86
		{C13A769D-B0EF-42F8-83CA-4431252DD316}.Debug|Any CPU.Build.0 = Debug|x86
		{C13A769D-B0EF-42F8-83CA-4431252DD316}.Release|Any CPU.ActiveCfg = Release|x86
		{C13A769D-B0EF-42F8-83CA-4431252DD316}.Release|Any CPU.Build.0 = Release|x86
		{DB8C60E0-D225-4DBB-917A-12EA86506A13}.Debug|Any CPU.ActiveCfg = Debug|x86
		{DB8C60E0-D225-4DBB-917A-12EA86506A13}.Debug|Any CPU.Build.0 = Debug|x86
		{DB8C60E0-D225-4DBB-917A-12EA86506A13}.Release|Any CPU.ActiveCfg = Release|x86
		{DB8C60E0-D225-4DBB-917A-12EA86506A13}.Release|Any CPU.Build.0 = Release|x86
		{E3808A36-FDAD-48D1-83AD-5D5FBF271BCF}.Debug|Any CPU.ActiveCfg = Debug|x86
		{E3808A36-FDAD-48D1-83AD-5D5FBF271BCF}.Debug|Any CPU.Build.0 = Debug|x86
		{E3808A36-FDAD-48D1-83AD-5D5FBF271BCF}.Release|Any CPU.ActiveCfg = Release|x86
		{E3808A36-FDAD-48D1-83AD-5D5FBF271BCF}.Release|Any CPU.Build.0 = Release|x86
		{6EE43C30-5232-4B18-802B-7D536EA4DCCE}.Debug|Any CPU.ActiveCfg = Debug|x86
		{6EE43C30-5232-4B18-802B-7D536EA4DCCE}.Debug|Any CPU.Build.0 = Debug|x86
		{6EE43C30-5232-4B18-802B-7D536EA4DCCE}.Release|Any CPU.ActiveCfg = Release|x86
		{6EE43C30-5232-4B18-802B-7D536EA4DCCE}.Release|Any CPU.Build.0 = Release|x86
		{8433F722-C197-4BCD-9E5D-08A6B2FAF23A}.Debug|Any CPU.ActiveCfg = Debug|x86
		{8433F722-C197-4BCD-9E5D-08A6B2FAF23A}.Debug|Any CPU.Build.0 = Debug|x86
		{8433F722-C197-4BCD-9E5D-08A6B2FAF23A}.Release|Any CPU.ActiveCfg = Release|x86
		{8433F722-C197-4BCD-9E5D-08A6B2FAF23A}.Release|Any CPU.Build.0 = Release|x86
		{36BA745B-850A-4C3C-88F5-125B0171B187}.Debug|Any CPU.ActiveCfg = Debug|x86
		{36BA745B-850A-4C3C-88F5-125B0171B187}.Debug|Any CPU.Build.0 = Debug|x86
		{36BA745B-850A-4C3C-88F5-125B0171B187}.Release|Any CPU.ActiveCfg = Release|x86
		{36BA745B-850A-4C3C-88F5-125B0171B187}.Release|Any CPU.Build.0 = Release|x86
		{A177A90C-8207-466A-AF70-F2B8452A42AC}.Debug|Any CPU.ActiveCfg = Debug|Any CPU
		{A177A90C-8207-466A-AF70-F2B8452A42AC}.Debug|Any CPU.Build.0 = Debug|Any CPU
		{A177A90C-8207-466A-AF70-F2B8452A42AC}.Release|Any CPU.ActiveCfg = Release|Any CPU
		{A177A90C-8207-466A-AF70-F2B8452A42AC}.Release|Any CPU.Build.0 = Release|Any CPU
		{19385AE1-57CA-4082-AD33-62480D02C1D9}.Debug|Any CPU.ActiveCfg = Debug|x86
		{19385AE1-57CA-4082-AD33-62480D02C1D9}.Debug|Any CPU.Build.0 = Debug|x86
		{19385AE1-57CA-4082-AD33-62480D02C1D9}.Release|Any CPU.ActiveCfg = Release|Any CPU
		{19385AE1-57CA-4082-AD33-62480D02C1D9}.Release|Any CPU.Build.0 = Release|Any CPU
		{A37A4E8F-3F41-497A-B5C0-E92ABFF9067F}.Debug|Any CPU.ActiveCfg = Debug|x86
		{A37A4E8F-3F41-497A-B5C0-E92ABFF9067F}.Debug|Any CPU.Build.0 = Debug|x86
		{A37A4E8F-3F41-497A-B5C0-E92ABFF9067F}.Release|Any CPU.ActiveCfg = Release|x86
		{A37A4E8F-3F41-497A-B5C0-E92ABFF9067F}.Release|Any CPU.Build.0 = Release|x86
		{936F3B12-2B1A-468E-9830-51EC9EFB127E}.Debug|Any CPU.ActiveCfg = Debug|x86
		{936F3B12-2B1A-468E-9830-51EC9EFB127E}.Debug|Any CPU.Build.0 = Debug|x86
		{936F3B12-2B1A-468E-9830-51EC9EFB127E}.Release|Any CPU.ActiveCfg = Release|x86
		{936F3B12-2B1A-468E-9830-51EC9EFB127E}.Release|Any CPU.Build.0 = Release|x86
		{F7750412-9EA2-4FCF-A268-AC927188A009}.Debug|Any CPU.ActiveCfg = Debug|x86
		{F7750412-9EA2-4FCF-A268-AC927188A009}.Debug|Any CPU.Build.0 = Debug|x86
		{F7750412-9EA2-4FCF-A268-AC927188A009}.Release|Any CPU.ActiveCfg = Release|x86
		{F7750412-9EA2-4FCF-A268-AC927188A009}.Release|Any CPU.Build.0 = Release|x86
		{09D9131B-3277-476F-8500-311E69B58AFB}.Debug|Any CPU.ActiveCfg = Debug|x86
		{09D9131B-3277-476F-8500-311E69B58AFB}.Debug|Any CPU.Build.0 = Debug|x86
		{09D9131B-3277-476F-8500-311E69B58AFB}.Release|Any CPU.ActiveCfg = Release|x86
		{09D9131B-3277-476F-8500-311E69B58AFB}.Release|Any CPU.Build.0 = Release|x86
		{6158E759-FE2B-4308-BA29-11C9E4A07812}.Debug|Any CPU.ActiveCfg = Debug|Any CPU
		{6158E759-FE2B-4308-BA29-11C9E4A07812}.Debug|Any CPU.Build.0 = Debug|Any CPU
		{6158E759-FE2B-4308-BA29-11C9E4A07812}.Release|Any CPU.ActiveCfg = Release|Any CPU
		{6158E759-FE2B-4308-BA29-11C9E4A07812}.Release|Any CPU.Build.0 = Release|Any CPU
		{95BDACEA-E8DB-4A87-9472-A37F0879179F}.Debug|Any CPU.ActiveCfg = Debug|x86
		{95BDACEA-E8DB-4A87-9472-A37F0879179F}.Debug|Any CPU.Build.0 = Debug|x86
		{95BDACEA-E8DB-4A87-9472-A37F0879179F}.Release|Any CPU.ActiveCfg = Release|x86
		{95BDACEA-E8DB-4A87-9472-A37F0879179F}.Release|Any CPU.Build.0 = Release|x86
		{048ACC63-3B91-4E14-B5A3-38E7898426FE}.Debug|Any CPU.ActiveCfg = Debug|Any CPU
		{048ACC63-3B91-4E14-B5A3-38E7898426FE}.Release|Any CPU.ActiveCfg = Release|Any CPU
		{99C1ED90-C4CD-4730-B05C-B99EED60EDD1}.Debug|Any CPU.ActiveCfg = Debug|x86
		{99C1ED90-C4CD-4730-B05C-B99EED60EDD1}.Debug|Any CPU.Build.0 = Debug|x86
		{99C1ED90-C4CD-4730-B05C-B99EED60EDD1}.Release|Any CPU.ActiveCfg = Release|x86
		{99C1ED90-C4CD-4730-B05C-B99EED60EDD1}.Release|Any CPU.Build.0 = Release|x86
		{67D5F5DD-95D8-4DF3-B4F4-B43A2FCFE02F}.Debug|Any CPU.ActiveCfg = Debug|x86
		{67D5F5DD-95D8-4DF3-B4F4-B43A2FCFE02F}.Debug|Any CPU.Build.0 = Debug|x86
		{67D5F5DD-95D8-4DF3-B4F4-B43A2FCFE02F}.Release|Any CPU.ActiveCfg = Release|x86
		{67D5F5DD-95D8-4DF3-B4F4-B43A2FCFE02F}.Release|Any CPU.Build.0 = Release|x86
		{79DAA213-B774-444D-85B1-7AA727C036E7}.Debug|Any CPU.ActiveCfg = Debug|x86
		{79DAA213-B774-444D-85B1-7AA727C036E7}.Debug|Any CPU.Build.0 = Debug|x86
		{79DAA213-B774-444D-85B1-7AA727C036E7}.Release|Any CPU.ActiveCfg = Release|x86
		{79DAA213-B774-444D-85B1-7AA727C036E7}.Release|Any CPU.Build.0 = Release|x86
		{6EC8C18C-65ED-4C93-A8E2-7FB5324EF3C5}.Debug|Any CPU.ActiveCfg = Debug|x86
		{6EC8C18C-65ED-4C93-A8E2-7FB5324EF3C5}.Debug|Any CPU.Build.0 = Debug|x86
		{6EC8C18C-65ED-4C93-A8E2-7FB5324EF3C5}.Release|Any CPU.ActiveCfg = Release|x86
		{6EC8C18C-65ED-4C93-A8E2-7FB5324EF3C5}.Release|Any CPU.Build.0 = Release|x86
		{6DD1A48C-D7A8-4B39-9C06-5A71FEEC70B9}.Debug|Any CPU.ActiveCfg = Debug|Any CPU
		{6DD1A48C-D7A8-4B39-9C06-5A71FEEC70B9}.Debug|Any CPU.Build.0 = Debug|Any CPU
		{6DD1A48C-D7A8-4B39-9C06-5A71FEEC70B9}.Release|Any CPU.ActiveCfg = Release|Any CPU
		{6DD1A48C-D7A8-4B39-9C06-5A71FEEC70B9}.Release|Any CPU.Build.0 = Release|Any CPU
		{41B33248-828B-4D62-83A0-2FFFE89582B0}.Debug|Any CPU.ActiveCfg = Debug|x86
		{41B33248-828B-4D62-83A0-2FFFE89582B0}.Debug|Any CPU.Build.0 = Debug|x86
		{41B33248-828B-4D62-83A0-2FFFE89582B0}.Release|Any CPU.ActiveCfg = Release|x86
		{41B33248-828B-4D62-83A0-2FFFE89582B0}.Release|Any CPU.Build.0 = Release|x86
		{37D91547-640C-4822-893A-0E700964302E}.Debug|Any CPU.ActiveCfg = Debug|x86
		{37D91547-640C-4822-893A-0E700964302E}.Debug|Any CPU.Build.0 = Debug|x86
		{37D91547-640C-4822-893A-0E700964302E}.Release|Any CPU.ActiveCfg = Release|x86
		{37D91547-640C-4822-893A-0E700964302E}.Release|Any CPU.Build.0 = Release|x86
		{47627FA3-2AAF-46E5-B39E-A9A860B0D3DE}.Debug|Any CPU.ActiveCfg = Debug|x86
		{47627FA3-2AAF-46E5-B39E-A9A860B0D3DE}.Debug|Any CPU.Build.0 = Debug|x86
		{47627FA3-2AAF-46E5-B39E-A9A860B0D3DE}.Release|Any CPU.ActiveCfg = Release|x86
		{47627FA3-2AAF-46E5-B39E-A9A860B0D3DE}.Release|Any CPU.Build.0 = Release|x86
		{A3C56C4A-57FC-48A4-A45A-DA12304D06A9}.Debug|Any CPU.ActiveCfg = Debug|x86
		{A3C56C4A-57FC-48A4-A45A-DA12304D06A9}.Debug|Any CPU.Build.0 = Debug|x86
		{A3C56C4A-57FC-48A4-A45A-DA12304D06A9}.Release|Any CPU.ActiveCfg = Release|x86
		{A3C56C4A-57FC-48A4-A45A-DA12304D06A9}.Release|Any CPU.Build.0 = Release|x86
		{B04766F2-8382-459E-AC60-FB44B027221B}.Debug|Any CPU.ActiveCfg = Debug|x86
		{B04766F2-8382-459E-AC60-FB44B027221B}.Debug|Any CPU.Build.0 = Debug|x86
		{B04766F2-8382-459E-AC60-FB44B027221B}.Release|Any CPU.ActiveCfg = Release|x86
		{B04766F2-8382-459E-AC60-FB44B027221B}.Release|Any CPU.Build.0 = Release|x86
		{38C27270-D29A-48B0-BF49-B90C049C42E1}.Debug|Any CPU.ActiveCfg = Debug|x86
		{38C27270-D29A-48B0-BF49-B90C049C42E1}.Debug|Any CPU.Build.0 = Debug|x86
		{38C27270-D29A-48B0-BF49-B90C049C42E1}.Release|Any CPU.ActiveCfg = Release|x86
		{38C27270-D29A-48B0-BF49-B90C049C42E1}.Release|Any CPU.Build.0 = Release|x86
		{F00F5E2D-D181-4FCC-8F2E-FDCB90F4721B}.Debug|Any CPU.ActiveCfg = Debug|Any CPU
		{F00F5E2D-D181-4FCC-8F2E-FDCB90F4721B}.Debug|Any CPU.Build.0 = Debug|Any CPU
		{F00F5E2D-D181-4FCC-8F2E-FDCB90F4721B}.Release|Any CPU.ActiveCfg = Release|Any CPU
	EndGlobalSection
	GlobalSection(SolutionProperties) = preSolution
		HideSolutionNode = FALSE
	EndGlobalSection
	GlobalSection(NestedProjects) = preSolution
		{BE29F5CB-80FB-4CF1-9135-800534B264D3} = {64D59276-5D61-4756-B90A-C5A5481061BF}
		{473A7C08-02A2-473A-BEC6-891F035674FD} = {64D59276-5D61-4756-B90A-C5A5481061BF}
		{8F933DFE-A911-4BCD-A4B9-BC7D2F431709} = {64D59276-5D61-4756-B90A-C5A5481061BF}
		{A0409E80-C6CE-4DEA-9825-92A2A6BDDC45} = {64D59276-5D61-4756-B90A-C5A5481061BF}
		{B0536923-080A-43F7-8C8A-C7D579AB0DB5} = {64D59276-5D61-4756-B90A-C5A5481061BF}
		{831639B8-4A6B-4462-998D-A8375EA0837C} = {64D59276-5D61-4756-B90A-C5A5481061BF}
		{F697B4C2-4712-4596-814B-245E2500AE51} = {64D59276-5D61-4756-B90A-C5A5481061BF}
		{84B1B638-CAFD-46B9-A78D-3507781EA105} = {BE29F5CB-80FB-4CF1-9135-800534B264D3}
		{90A5A53F-C5C2-4370-B751-9569FF50DF19} = {BE29F5CB-80FB-4CF1-9135-800534B264D3}
		{1A7BCB9F-5DD2-4C16-9969-88C31720865F} = {84B1B638-CAFD-46B9-A78D-3507781EA105}
		{2DEF9F9D-DED2-4572-881D-6E018AEE957F} = {84B1B638-CAFD-46B9-A78D-3507781EA105}
		{527BB23D-A674-4147-B58D-DCC894737140} = {84B1B638-CAFD-46B9-A78D-3507781EA105}
		{6EC8C18C-65ED-4C93-A8E2-7FB5324EF3C5} = {84B1B638-CAFD-46B9-A78D-3507781EA105}
		{BCFE9369-F0AF-4DD3-9133-0C60D21F94D6} = {473A7C08-02A2-473A-BEC6-891F035674FD}
		{8E3093E1-9B62-4F62-A236-CD6EB40F9CC4} = {473A7C08-02A2-473A-BEC6-891F035674FD}
		{E6DD6D23-3FFC-4DF8-B2F8-CDA5BF77348D} = {473A7C08-02A2-473A-BEC6-891F035674FD}
		{F9975B01-F137-4FB4-855A-D62782AD8E4E} = {473A7C08-02A2-473A-BEC6-891F035674FD}
		{3EC64359-C4AB-44C2-BCC0-8617380DB67A} = {473A7C08-02A2-473A-BEC6-891F035674FD}
		{A5152775-5252-45B2-B091-69C70280C73C} = {473A7C08-02A2-473A-BEC6-891F035674FD}
		{E6CEA943-9111-4CCD-97BD-A63F7DDABBAE} = {473A7C08-02A2-473A-BEC6-891F035674FD}
		{6449C3DE-E27F-45A6-AAED-BF7E3028CD0B} = {473A7C08-02A2-473A-BEC6-891F035674FD}
		{3929B83A-B1A6-4620-9139-B5DEEEF3DCE4} = {473A7C08-02A2-473A-BEC6-891F035674FD}
		{ECD64A23-8504-4A68-829D-FB1B6C726C85} = {473A7C08-02A2-473A-BEC6-891F035674FD}
		{36BA745B-850A-4C3C-88F5-125B0171B187} = {473A7C08-02A2-473A-BEC6-891F035674FD}
		{A37A4E8F-3F41-497A-B5C0-E92ABFF9067F} = {473A7C08-02A2-473A-BEC6-891F035674FD}
		{01BA7F4B-6C29-48D1-ADB5-087B8DCF8AC3} = {8F933DFE-A911-4BCD-A4B9-BC7D2F431709}
		{18DDB224-5488-4833-A4F0-AA98F37F9864} = {8F933DFE-A911-4BCD-A4B9-BC7D2F431709}
		{A3C56C4A-57FC-48A4-A45A-DA12304D06A9} = {8F933DFE-A911-4BCD-A4B9-BC7D2F431709}
		{F454DBD6-2AB9-461D-9624-2249B921B6E6} = {D059B679-8B38-44FE-BEC6-8DFF9271CE59}
		{49679C95-28CE-4D35-8F38-3D67A511A3C1} = {D059B679-8B38-44FE-BEC6-8DFF9271CE59}
		{987E989A-E48B-428F-A392-0E7EEC9BCECD} = {D059B679-8B38-44FE-BEC6-8DFF9271CE59}
		{AB8B83D8-F7B4-4C21-AEB4-B0C5D2217DEF} = {D059B679-8B38-44FE-BEC6-8DFF9271CE59}
		{16A563A2-2D02-4B9E-B3F8-F36DD72F4477} = {D059B679-8B38-44FE-BEC6-8DFF9271CE59}
		{8046613E-799A-460C-985A-444C0327B49C} = {D059B679-8B38-44FE-BEC6-8DFF9271CE59}
		{19385AE1-57CA-4082-AD33-62480D02C1D9} = {D059B679-8B38-44FE-BEC6-8DFF9271CE59}
		{503EF9C0-CE83-40BE-98B2-3481D9FE3B0D} = {A0409E80-C6CE-4DEA-9825-92A2A6BDDC45}
		{2DE60006-663C-40DB-B7CD-A38644D7BC94} = {A0409E80-C6CE-4DEA-9825-92A2A6BDDC45}
		{C13A769D-B0EF-42F8-83CA-4431252DD316} = {A0409E80-C6CE-4DEA-9825-92A2A6BDDC45}
		{6EE43C30-5232-4B18-802B-7D536EA4DCCE} = {A0409E80-C6CE-4DEA-9825-92A2A6BDDC45}
		{8433F722-C197-4BCD-9E5D-08A6B2FAF23A} = {A0409E80-C6CE-4DEA-9825-92A2A6BDDC45}
		{67D5F5DD-95D8-4DF3-B4F4-B43A2FCFE02F} = {A0409E80-C6CE-4DEA-9825-92A2A6BDDC45}
		{79DAA213-B774-444D-85B1-7AA727C036E7} = {A0409E80-C6CE-4DEA-9825-92A2A6BDDC45}
		{316F5B16-E308-4ABE-B95D-EF64FFAEF028} = {B0536923-080A-43F7-8C8A-C7D579AB0DB5}
		{AEA25552-0508-4D42-AFBA-95DBB0BFBA67} = {B0536923-080A-43F7-8C8A-C7D579AB0DB5}
		{4D100C6D-963E-4AE7-AEAF-91040D4F0332} = {B0536923-080A-43F7-8C8A-C7D579AB0DB5}
		{936F3B12-2B1A-468E-9830-51EC9EFB127E} = {B0536923-080A-43F7-8C8A-C7D579AB0DB5}
		{F7750412-9EA2-4FCF-A268-AC927188A009} = {B0536923-080A-43F7-8C8A-C7D579AB0DB5}
		{DB8C60E0-D225-4DBB-917A-12EA86506A13} = {831639B8-4A6B-4462-998D-A8375EA0837C}
		{E3808A36-FDAD-48D1-83AD-5D5FBF271BCF} = {831639B8-4A6B-4462-998D-A8375EA0837C}
		{38C27270-D29A-48B0-BF49-B90C049C42E1} = {831639B8-4A6B-4462-998D-A8375EA0837C}
		{EF3F6EA1-38F2-4C3C-8079-C06B8B5DDCC0} = {F697B4C2-4712-4596-814B-245E2500AE51}
		{03CCCD6C-CA56-4CAE-A0A5-1C9660D9424B} = {F697B4C2-4712-4596-814B-245E2500AE51}
		{09D9131B-3277-476F-8500-311E69B58AFB} = {F697B4C2-4712-4596-814B-245E2500AE51}
		{95BDACEA-E8DB-4A87-9472-A37F0879179F} = {F697B4C2-4712-4596-814B-245E2500AE51}
		{99C1ED90-C4CD-4730-B05C-B99EED60EDD1} = {F697B4C2-4712-4596-814B-245E2500AE51}
		{B04766F2-8382-459E-AC60-FB44B027221B} = {F697B4C2-4712-4596-814B-245E2500AE51}
		{048ACC63-3B91-4E14-B5A3-38E7898426FE} = {3364C282-6629-4FC0-B7D3-E488576D7115}
		{41B33248-828B-4D62-83A0-2FFFE89582B0} = {90A5A53F-C5C2-4370-B751-9569FF50DF19}
		{37D91547-640C-4822-893A-0E700964302E} = {90A5A53F-C5C2-4370-B751-9569FF50DF19}
		{47627FA3-2AAF-46E5-B39E-A9A860B0D3DE} = {90A5A53F-C5C2-4370-B751-9569FF50DF19}
		{F00F5E2D-D181-4FCC-8F2E-FDCB90F4721B} = {98CCD2AC-1853-4413-A2C7-B7283715B0FE}
	EndGlobalSection
EndGlobal
