
Microsoft Visual Studio Solution File, Format Version 11.00
# Visual Studio 2010
Project("{FAE04EC0-301F-11D3-BF4B-00C04F79EFBC}") = "HMM", "HMM.csproj", "{E6CEA943-9111-4CCD-97BD-A63F7DDABBAE}"
EndProject
Project("{FAE04EC0-301F-11D3-BF4B-00C04F79EFBC}") = "Accord.Statistics", "..\..\Sources\Accord.Statistics\Accord.Statistics.csproj", "{FD8101DD-C95D-42D6-AD44-AE01C25F2811}"
EndProject
Global
	GlobalSection(SolutionConfigurationPlatforms) = preSolution
		Debug|Any CPU = Debug|Any CPU
		Debug|Mixed Platforms = Debug|Mixed Platforms
		Debug|x86 = Debug|x86
		Release|Any CPU = Release|Any CPU
		Release|Mixed Platforms = Release|Mixed Platforms
		Release|x86 = Release|x86
	EndGlobalSection
	GlobalSection(ProjectConfigurationPlatforms) = postSolution
		{E6CEA943-9111-4CCD-97BD-A63F7DDABBAE}.Debug|Any CPU.ActiveCfg = Debug|x86
		{E6CEA943-9111-4CCD-97BD-A63F7DDABBAE}.Debug|Mixed Platforms.ActiveCfg = Debug|x86
		{E6CEA943-9111-4CCD-97BD-A63F7DDABBAE}.Debug|Mixed Platforms.Build.0 = Debug|x86
		{E6CEA943-9111-4CCD-97BD-A63F7DDABBAE}.Debug|x86.ActiveCfg = Debug|x86
		{E6CEA943-9111-4CCD-97BD-A63F7DDABBAE}.Debug|x86.Build.0 = Debug|x86
		{E6CEA943-9111-4CCD-97BD-A63F7DDABBAE}.Release|Any CPU.ActiveCfg = Release|x86
		{E6CEA943-9111-4CCD-97BD-A63F7DDABBAE}.Release|Mixed Platforms.ActiveCfg = Release|x86
		{E6CEA943-9111-4CCD-97BD-A63F7DDABBAE}.Release|Mixed Platforms.Build.0 = Release|x86
		{E6CEA943-9111-4CCD-97BD-A63F7DDABBAE}.Release|x86.ActiveCfg = Release|x86
		{E6CEA943-9111-4CCD-97BD-A63F7DDABBAE}.Release|x86.Build.0 = Release|x86
		{FD8101DD-C95D-42D6-AD44-AE01C25F2811}.Debug|Any CPU.ActiveCfg = Debug|Any CPU
		{FD8101DD-C95D-42D6-AD44-AE01C25F2811}.Debug|Any CPU.Build.0 = Debug|Any CPU
		{FD8101DD-C95D-42D6-AD44-AE01C25F2811}.Debug|Mixed Platforms.ActiveCfg = Debug|Any CPU
		{FD8101DD-C95D-42D6-AD44-AE01C25F2811}.Debug|Mixed Platforms.Build.0 = Debug|Any CPU
		{FD8101DD-C95D-42D6-AD44-AE01C25F2811}.Debug|x86.ActiveCfg = Debug|Any CPU
		{FD8101DD-C95D-42D6-AD44-AE01C25F2811}.Release|Any CPU.ActiveCfg = Release|Any CPU
		{FD8101DD-C95D-42D6-AD44-AE01C25F2811}.Release|Any CPU.Build.0 = Release|Any CPU
		{FD8101DD-C95D-42D6-AD44-AE01C25F2811}.Release|Mixed Platforms.ActiveCfg = Release|Any CPU
		{FD8101DD-C95D-42D6-AD44-AE01C25F2811}.Release|Mixed Platforms.Build.0 = Release|Any CPU
		{FD8101DD-C95D-42D6-AD44-AE01C25F2811}.Release|x86.ActiveCfg = Release|Any CPU
	EndGlobalSection
	GlobalSection(SolutionProperties) = preSolution
		HideSolutionNode = FALSE
	EndGlobalSection
EndGlobal
